
Microsoft Visual Studio Solution File, Format Version 12.00
# Visual Studio 14
VisualStudioVersion = 14.0.25420.1
MinimumVisualStudioVersion = 10.0.40219.1
Project("{2150E333-8FDC-42A3-9474-1A3956D46DE8}") = "src", "src", "{BB14BC92-8E82-4F2D-89BF-C257F317E7F2}"
EndProject
Project("{2150E333-8FDC-42A3-9474-1A3956D46DE8}") = "Solution Items", "Solution Items", "{E61BF352-3840-4C3A-A33B-B6D31966504E}"
	ProjectSection(SolutionItems) = preProject
		global.json = global.json
	EndProjectSection
EndProject
Project("{8BB2217D-0F2D-49D1-97BC-3654ED321F3B}") = "EventManager.Api.AspNetCore", "src\EventManager.Api.AspNetCore\EventManager.Api.AspNetCore.xproj", "{817506F3-D269-40EE-AA71-4E181DB85A0F}"
EndProject
Project("{8BB2217D-0F2D-49D1-97BC-3654ED321F3B}") = "EventManager.Business", "src\EventManager.Business\EventManager.Business.xproj", "{FEBB3A92-A821-441E-95D9-6865884B65F0}"
EndProject
Project("{8BB2217D-0F2D-49D1-97BC-3654ED321F3B}") = "EventManager.Infrastructure", "src\EventManager.Infrastructure\EventManager.Infrastructure.xproj", "{375A2E83-B55B-44EC-8887-E4A86C14CE9C}"
EndProject
Project("{8BB2217D-0F2D-49D1-97BC-3654ED321F3B}") = "EventManager.Business.Data", "src\EventManager.Business.Data\EventManager.Business.Data.xproj", "{F1B30DE6-BC2C-4555-94FB-9F2ADF9FC514}"
EndProject
Global
	GlobalSection(SolutionConfigurationPlatforms) = preSolution
		Debug|Any CPU = Debug|Any CPU
		Release|Any CPU = Release|Any CPU
	EndGlobalSection
	GlobalSection(ProjectConfigurationPlatforms) = postSolution
		{817506F3-D269-40EE-AA71-4E181DB85A0F}.Debug|Any CPU.ActiveCfg = Debug|Any CPU
		{817506F3-D269-40EE-AA71-4E181DB85A0F}.Debug|Any CPU.Build.0 = Debug|Any CPU
		{817506F3-D269-40EE-AA71-4E181DB85A0F}.Release|Any CPU.ActiveCfg = Release|Any CPU
		{817506F3-D269-40EE-AA71-4E181DB85A0F}.Release|Any CPU.Build.0 = Release|Any CPU
		{FEBB3A92-A821-441E-95D9-6865884B65F0}.Debug|Any CPU.ActiveCfg = Debug|Any CPU
		{FEBB3A92-A821-441E-95D9-6865884B65F0}.Debug|Any CPU.Build.0 = Debug|Any CPU
		{FEBB3A92-A821-441E-95D9-6865884B65F0}.Release|Any CPU.ActiveCfg = Release|Any CPU
		{FEBB3A92-A821-441E-95D9-6865884B65F0}.Release|Any CPU.Build.0 = Release|Any CPU
		{375A2E83-B55B-44EC-8887-E4A86C14CE9C}.Debug|Any CPU.ActiveCfg = Debug|Any CPU
		{375A2E83-B55B-44EC-8887-E4A86C14CE9C}.Debug|Any CPU.Build.0 = Debug|Any CPU
		{375A2E83-B55B-44EC-8887-E4A86C14CE9C}.Release|Any CPU.ActiveCfg = Release|Any CPU
		{375A2E83-B55B-44EC-8887-E4A86C14CE9C}.Release|Any CPU.Build.0 = Release|Any CPU
		{F1B30DE6-BC2C-4555-94FB-9F2ADF9FC514}.Debug|Any CPU.ActiveCfg = Debug|Any CPU
		{F1B30DE6-BC2C-4555-94FB-9F2ADF9FC514}.Debug|Any CPU.Build.0 = Debug|Any CPU
		{F1B30DE6-BC2C-4555-94FB-9F2ADF9FC514}.Release|Any CPU.ActiveCfg = Release|Any CPU
		{F1B30DE6-BC2C-4555-94FB-9F2ADF9FC514}.Release|Any CPU.Build.0 = Release|Any CPU
	EndGlobalSection
	GlobalSection(SolutionProperties) = preSolution
		HideSolutionNode = FALSE
	EndGlobalSection
	GlobalSection(NestedProjects) = preSolution
		{817506F3-D269-40EE-AA71-4E181DB85A0F} = {BB14BC92-8E82-4F2D-89BF-C257F317E7F2}
		{FEBB3A92-A821-441E-95D9-6865884B65F0} = {BB14BC92-8E82-4F2D-89BF-C257F317E7F2}
		{375A2E83-B55B-44EC-8887-E4A86C14CE9C} = {BB14BC92-8E82-4F2D-89BF-C257F317E7F2}
		{F1B30DE6-BC2C-4555-94FB-9F2ADF9FC514} = {BB14BC92-8E82-4F2D-89BF-C257F317E7F2}
	EndGlobalSection
EndGlobal
